
Microsoft Visual Studio Solution File, Format Version 12.00
# Visual Studio Version 16
VisualStudioVersion = 16.0.31019.35
MinimumVisualStudioVersion = 10.0.40219.1
Project("{8BC9CEB8-8B4A-11D0-8D11-00A0C91BC942}") = "CppSamples", "CppSamples\CppSamples.vcxproj", "{CB9B4F26-5613-43D7-B55B-B413E804B711}"
EndProject
Global
	GlobalSection(SolutionConfigurationPlatforms) = preSolution
		Debug|x64 = Debug|x64
		Debug|x86 = Debug|x86
		Release|x64 = Release|x64
		Release|x86 = Release|x86
	EndGlobalSection
	GlobalSection(ProjectConfigurationPlatforms) = postSolution
		{CB9B4F26-5613-43D7-B55B-B413E804B711}.Debug|x64.ActiveCfg = Debug|x64
		{CB9B4F26-5613-43D7-B55B-B413E804B711}.Debug|x64.Build.0 = Debug|x64
		{CB9B4F26-5613-43D7-B55B-B413E804B711}.Debug|x86.ActiveCfg = Debug|Win32
		{CB9B4F26-5613-43D7-B55B-B413E804B711}.Debug|x86.Build.0 = Debug|Win32
		{CB9B4F26-5613-43D7-B55B-B413E804B711}.Release|x64.ActiveCfg = Release|x64
		{CB9B4F26-5613-43D7-B55B-B413E804B711}.Release|x64.Build.0 = Release|x64
		{CB9B4F26-5613-43D7-B55B-B413E804B711}.Release|x86.ActiveCfg = Release|Win32
		{CB9B4F26-5613-43D7-B55B-B413E804B711}.Release|x86.Build.0 = Release|Win32
	EndGlobalSection
	GlobalSection(SolutionProperties) = preSolution
		HideSolutionNode = FALSE
	EndGlobalSection
	GlobalSection(ExtensibilityGlobals) = postSolution
		SolutionGuid = {EF62B7D9-1052-4743-80E8-8E09396AF08C}
	EndGlobalSection
EndGlobal
